// !$*UTF8*$!
{
	archiveVersion = 1;
	classes = {
	};
	objectVersion = 50;
	objects = {

/* Begin PBXBuildFile section */
		751B5C215E7710123351EDE6 /* Pods_GithubSearcher.framework in Frameworks */ = {isa = PBXBuildFile; fileRef = 4CF9AAA661E1E5209492FBF5 /* Pods_GithubSearcher.framework */; };
		A3445DFF26C8E7F600D55B6B /* AppDelegate.swift in Sources */ = {isa = PBXBuildFile; fileRef = A3445DFE26C8E7F600D55B6B /* AppDelegate.swift */; };
		A3445E0826C8E7F900D55B6B /* Assets.xcassets in Resources */ = {isa = PBXBuildFile; fileRef = A3445E0726C8E7F900D55B6B /* Assets.xcassets */; };
		A3445E0B26C8E7F900D55B6B /* LaunchScreen.storyboard in Resources */ = {isa = PBXBuildFile; fileRef = A3445E0926C8E7F900D55B6B /* LaunchScreen.storyboard */; };
		AC8983322291F8961BAF6C67 /* GithubSearchService.swift in Sources */ = {isa = PBXBuildFile; fileRef = AC8982EF719A0842A75F74C7 /* GithubSearchService.swift */; };
		AC898374870C2E4800D96F76 /* RequestBuilderProtocol.swift in Sources */ = {isa = PBXBuildFile; fileRef = AC89811FFF05CADB49F323AD /* RequestBuilderProtocol.swift */; };
		AC8985FB87F0CA5A16D46C3A /* RequestBuilder.swift in Sources */ = {isa = PBXBuildFile; fileRef = AC898A33130C66F5FBDB3B69 /* RequestBuilder.swift */; };
		AC8987D27F5BDCDEBA502B44 /* NetworkService.swift in Sources */ = {isa = PBXBuildFile; fileRef = AC8987ED2841810C3901A3BB /* NetworkService.swift */; };
		AC898948FFA89DA815435CC9 /* GetRequest.swift in Sources */ = {isa = PBXBuildFile; fileRef = AC898C21AC044C598B71133B /* GetRequest.swift */; };
		AC8989F7732322CD8367F759 /* ApiPathConforming.swift in Sources */ = {isa = PBXBuildFile; fileRef = AC8985070C5007E633EDACFA /* ApiPathConforming.swift */; };
		AC898A2412CA571183E5E09B /* GithubSearching.swift in Sources */ = {isa = PBXBuildFile; fileRef = AC898C71AC3B9D0A14923045 /* GithubSearching.swift */; };
		AC898BDE45F9899C35315531 /* BaseRequestProtocol.swift in Sources */ = {isa = PBXBuildFile; fileRef = AC898A2E10B16ACDC39D2FD0 /* BaseRequestProtocol.swift */; };
		AC898D185C3AA5126CDF5FA5 /* NetworkError.swift in Sources */ = {isa = PBXBuildFile; fileRef = AC898AAC33E49D2AB6B62493 /* NetworkError.swift */; };
		AC898EFCB47959AE200E0860 /* NetworkSettings.swift in Sources */ = {isa = PBXBuildFile; fileRef = AC898B93F75AB3BF5471EE53 /* NetworkSettings.swift */; };
		AC898FF38D5186B28177544C /* ApiRoutes.swift in Sources */ = {isa = PBXBuildFile; fileRef = AC898B530F6E47966F168526 /* ApiRoutes.swift */; };
/* End PBXBuildFile section */

/* Begin PBXFileReference section */
		261ADBB6005A8DD78DEBE498 /* Pods-GithubSearcher.release.xcconfig */ = {isa = PBXFileReference; includeInIndex = 1; lastKnownFileType = text.xcconfig; name = "Pods-GithubSearcher.release.xcconfig"; path = "Target Support Files/Pods-GithubSearcher/Pods-GithubSearcher.release.xcconfig"; sourceTree = "<group>"; };
		4CF9AAA661E1E5209492FBF5 /* Pods_GithubSearcher.framework */ = {isa = PBXFileReference; explicitFileType = wrapper.framework; includeInIndex = 0; path = Pods_GithubSearcher.framework; sourceTree = BUILT_PRODUCTS_DIR; };
		A3445DFB26C8E7F600D55B6B /* GithubSearcher.app */ = {isa = PBXFileReference; explicitFileType = wrapper.application; includeInIndex = 0; path = GithubSearcher.app; sourceTree = BUILT_PRODUCTS_DIR; };
		A3445DFE26C8E7F600D55B6B /* AppDelegate.swift */ = {isa = PBXFileReference; lastKnownFileType = sourcecode.swift; path = AppDelegate.swift; sourceTree = "<group>"; };
		A3445E0726C8E7F900D55B6B /* Assets.xcassets */ = {isa = PBXFileReference; lastKnownFileType = folder.assetcatalog; path = Assets.xcassets; sourceTree = "<group>"; };
		A3445E0A26C8E7F900D55B6B /* Base */ = {isa = PBXFileReference; lastKnownFileType = file.storyboard; name = Base; path = Base.lproj/LaunchScreen.storyboard; sourceTree = "<group>"; };
		A3445E0C26C8E7F900D55B6B /* Info.plist */ = {isa = PBXFileReference; lastKnownFileType = text.plist.xml; path = Info.plist; sourceTree = "<group>"; };
		AC89811FFF05CADB49F323AD /* RequestBuilderProtocol.swift */ = {isa = PBXFileReference; fileEncoding = 4; lastKnownFileType = sourcecode.swift; path = RequestBuilderProtocol.swift; sourceTree = "<group>"; };
		AC8982EF719A0842A75F74C7 /* GithubSearchService.swift */ = {isa = PBXFileReference; fileEncoding = 4; lastKnownFileType = sourcecode.swift; path = GithubSearchService.swift; sourceTree = "<group>"; };
		AC8985070C5007E633EDACFA /* ApiPathConforming.swift */ = {isa = PBXFileReference; fileEncoding = 4; lastKnownFileType = sourcecode.swift; path = ApiPathConforming.swift; sourceTree = "<group>"; };
		AC8987ED2841810C3901A3BB /* NetworkService.swift */ = {isa = PBXFileReference; fileEncoding = 4; lastKnownFileType = sourcecode.swift; path = NetworkService.swift; sourceTree = "<group>"; };
		AC898A2E10B16ACDC39D2FD0 /* BaseRequestProtocol.swift */ = {isa = PBXFileReference; fileEncoding = 4; lastKnownFileType = sourcecode.swift; path = BaseRequestProtocol.swift; sourceTree = "<group>"; };
		AC898A33130C66F5FBDB3B69 /* RequestBuilder.swift */ = {isa = PBXFileReference; fileEncoding = 4; lastKnownFileType = sourcecode.swift; path = RequestBuilder.swift; sourceTree = "<group>"; };
		AC898AAC33E49D2AB6B62493 /* NetworkError.swift */ = {isa = PBXFileReference; fileEncoding = 4; lastKnownFileType = sourcecode.swift; path = NetworkError.swift; sourceTree = "<group>"; };
		AC898B530F6E47966F168526 /* ApiRoutes.swift */ = {isa = PBXFileReference; fileEncoding = 4; lastKnownFileType = sourcecode.swift; path = ApiRoutes.swift; sourceTree = "<group>"; };
		AC898B93F75AB3BF5471EE53 /* NetworkSettings.swift */ = {isa = PBXFileReference; fileEncoding = 4; lastKnownFileType = sourcecode.swift; path = NetworkSettings.swift; sourceTree = "<group>"; };
		AC898C21AC044C598B71133B /* GetRequest.swift */ = {isa = PBXFileReference; fileEncoding = 4; lastKnownFileType = sourcecode.swift; path = GetRequest.swift; sourceTree = "<group>"; };
		AC898C71AC3B9D0A14923045 /* GithubSearching.swift */ = {isa = PBXFileReference; fileEncoding = 4; lastKnownFileType = sourcecode.swift; path = GithubSearching.swift; sourceTree = "<group>"; };
		FF3FE4A9130617246AE8B556 /* Pods-GithubSearcher.debug.xcconfig */ = {isa = PBXFileReference; includeInIndex = 1; lastKnownFileType = text.xcconfig; name = "Pods-GithubSearcher.debug.xcconfig"; path = "Target Support Files/Pods-GithubSearcher/Pods-GithubSearcher.debug.xcconfig"; sourceTree = "<group>"; };
/* End PBXFileReference section */

/* Begin PBXFrameworksBuildPhase section */
		A3445DF826C8E7F600D55B6B /* Frameworks */ = {
			isa = PBXFrameworksBuildPhase;
			buildActionMask = 2147483647;
			files = (
				751B5C215E7710123351EDE6 /* Pods_GithubSearcher.framework in Frameworks */,
			);
			runOnlyForDeploymentPostprocessing = 0;
		};
/* End PBXFrameworksBuildPhase section */

/* Begin PBXGroup section */
		2B636D791C24ABBFBB962E10 /* Frameworks */ = {
			isa = PBXGroup;
			children = (
				4CF9AAA661E1E5209492FBF5 /* Pods_GithubSearcher.framework */,
			);
			name = Frameworks;
			sourceTree = "<group>";
		};
		A3445DF226C8E7F600D55B6B = {
			isa = PBXGroup;
			children = (
				A3445DFD26C8E7F600D55B6B /* GithubSearcher */,
				A3445DFC26C8E7F600D55B6B /* Products */,
				F316E792FDA555C472F49E8E /* Pods */,
				2B636D791C24ABBFBB962E10 /* Frameworks */,
				AC89809653837A951F8B4A6B /* Classes */,
			);
			sourceTree = "<group>";
		};
		A3445DFC26C8E7F600D55B6B /* Products */ = {
			isa = PBXGroup;
			children = (
				A3445DFB26C8E7F600D55B6B /* GithubSearcher.app */,
			);
			name = Products;
			sourceTree = "<group>";
		};
		A3445DFD26C8E7F600D55B6B /* GithubSearcher */ = {
			isa = PBXGroup;
			children = (
				A3445DFE26C8E7F600D55B6B /* AppDelegate.swift */,
				A3445E0726C8E7F900D55B6B /* Assets.xcassets */,
				A3445E0926C8E7F900D55B6B /* LaunchScreen.storyboard */,
				A3445E0C26C8E7F900D55B6B /* Info.plist */,
			);
			path = GithubSearcher;
			sourceTree = "<group>";
		};
		AC8980214F8545A8849961F7 /* Service */ = {
			isa = PBXGroup;
			children = (
				AC8987ED2841810C3901A3BB /* NetworkService.swift */,
				AC898D1DA5B0C57B20F627F4 /* GithubSearch */,
			);
			path = Service;
			sourceTree = "<group>";
		};
		AC89809653837A951F8B4A6B /* Classes */ = {
			isa = PBXGroup;
			children = (
				AC898A0AE60529D7A23B9ACB /* Network */,
				AC898F706C2C2BA1FC28D6C0 /* Error */,
			);
			path = Classes;
			sourceTree = "<group>";
		};
		AC89817FFD80460C76377F81 /* Routes */ = {
			isa = PBXGroup;
			children = (
				AC898B530F6E47966F168526 /* ApiRoutes.swift */,
			);
			path = Routes;
			sourceTree = "<group>";
		};
		AC89826E0D701B1738874222 /* Protocol */ = {
			isa = PBXGroup;
			children = (
				AC8985070C5007E633EDACFA /* ApiPathConforming.swift */,
				AC898A2E10B16ACDC39D2FD0 /* BaseRequestProtocol.swift */,
			);
			path = Protocol;
			sourceTree = "<group>";
		};
		AC8982A3741317B6790D5033 /* RequestBuilder */ = {
			isa = PBXGroup;
			children = (
				AC898A33130C66F5FBDB3B69 /* RequestBuilder.swift */,
				AC89811FFF05CADB49F323AD /* RequestBuilderProtocol.swift */,
			);
			path = RequestBuilder;
			sourceTree = "<group>";
		};
		AC89835AF7D59061C44EB021 /* NetworkModel */ = {
			isa = PBXGroup;
			children = (
				AC898D5574D8B9147CCB4119 /* Response */,
			);
			path = NetworkModel;
			sourceTree = "<group>";
		};
		AC89880EF0F5863E13885913 /* Request */ = {
			isa = PBXGroup;
			children = (
				AC89826E0D701B1738874222 /* Protocol */,
				AC898C21AC044C598B71133B /* GetRequest.swift */,
			);
			path = Request;
			sourceTree = "<group>";
		};
		AC898A0AE60529D7A23B9ACB /* Network */ = {
			isa = PBXGroup;
			children = (
				AC89817FFD80460C76377F81 /* Routes */,
				AC89880EF0F5863E13885913 /* Request */,
				AC8980214F8545A8849961F7 /* Service */,
				AC898BBC23CF68A8CDCA686C /* Constants */,
				AC89835AF7D59061C44EB021 /* NetworkModel */,
				AC8982A3741317B6790D5033 /* RequestBuilder */,
			);
			path = Network;
			sourceTree = "<group>";
		};
		AC898BBC23CF68A8CDCA686C /* Constants */ = {
			isa = PBXGroup;
			children = (
				AC898B93F75AB3BF5471EE53 /* NetworkSettings.swift */,
			);
			path = Constants;
			sourceTree = "<group>";
		};
		AC898D1DA5B0C57B20F627F4 /* GithubSearch */ = {
			isa = PBXGroup;
			children = (
				AC898C71AC3B9D0A14923045 /* GithubSearching.swift */,
				AC8982EF719A0842A75F74C7 /* GithubSearchService.swift */,
			);
			path = GithubSearch;
			sourceTree = "<group>";
		};
		AC898D5574D8B9147CCB4119 /* Response */ = {
			isa = PBXGroup;
			children = (
			);
			path = Response;
			sourceTree = "<group>";
		};
		AC898F706C2C2BA1FC28D6C0 /* Error */ = {
			isa = PBXGroup;
			children = (
				AC898AAC33E49D2AB6B62493 /* NetworkError.swift */,
			);
			path = Error;
			sourceTree = "<group>";
		};
		F316E792FDA555C472F49E8E /* Pods */ = {
			isa = PBXGroup;
			children = (
				FF3FE4A9130617246AE8B556 /* Pods-GithubSearcher.debug.xcconfig */,
				261ADBB6005A8DD78DEBE498 /* Pods-GithubSearcher.release.xcconfig */,
			);
			name = Pods;
			path = Pods;
			sourceTree = "<group>";
		};
/* End PBXGroup section */

/* Begin PBXNativeTarget section */
		A3445DFA26C8E7F600D55B6B /* GithubSearcher */ = {
			isa = PBXNativeTarget;
			buildConfigurationList = A3445E0F26C8E7F900D55B6B /* Build configuration list for PBXNativeTarget "GithubSearcher" */;
			buildPhases = (
				0A30B8520D587632167FE2C6 /* [CP] Check Pods Manifest.lock */,
				A3445DF726C8E7F600D55B6B /* Sources */,
				A3445DF826C8E7F600D55B6B /* Frameworks */,
				A3445DF926C8E7F600D55B6B /* Resources */,
				47E526C56F9C69C2EC7971A3 /* [CP] Embed Pods Frameworks */,
			);
			buildRules = (
			);
			dependencies = (
			);
			name = GithubSearcher;
			productName = GithubSearcher;
			productReference = A3445DFB26C8E7F600D55B6B /* GithubSearcher.app */;
			productType = "com.apple.product-type.application";
		};
/* End PBXNativeTarget section */

/* Begin PBXProject section */
		A3445DF326C8E7F600D55B6B /* Project object */ = {
			isa = PBXProject;
			attributes = {
				LastSwiftUpdateCheck = 1250;
				LastUpgradeCheck = 1250;
				TargetAttributes = {
					A3445DFA26C8E7F600D55B6B = {
						CreatedOnToolsVersion = 12.5.1;
					};
				};
			};
			buildConfigurationList = A3445DF626C8E7F600D55B6B /* Build configuration list for PBXProject "GithubSearcher" */;
			compatibilityVersion = "Xcode 9.3";
			developmentRegion = en;
			hasScannedForEncodings = 0;
			knownRegions = (
				en,
				Base,
			);
			mainGroup = A3445DF226C8E7F600D55B6B;
			productRefGroup = A3445DFC26C8E7F600D55B6B /* Products */;
			projectDirPath = "";
			projectRoot = "";
			targets = (
				A3445DFA26C8E7F600D55B6B /* GithubSearcher */,
			);
		};
/* End PBXProject section */

/* Begin PBXResourcesBuildPhase section */
		A3445DF926C8E7F600D55B6B /* Resources */ = {
			isa = PBXResourcesBuildPhase;
			buildActionMask = 2147483647;
			files = (
				A3445E0B26C8E7F900D55B6B /* LaunchScreen.storyboard in Resources */,
				A3445E0826C8E7F900D55B6B /* Assets.xcassets in Resources */,
			);
			runOnlyForDeploymentPostprocessing = 0;
		};
/* End PBXResourcesBuildPhase section */

/* Begin PBXShellScriptBuildPhase section */
		0A30B8520D587632167FE2C6 /* [CP] Check Pods Manifest.lock */ = {
			isa = PBXShellScriptBuildPhase;
			buildActionMask = 2147483647;
			files = (
			);
			inputFileListPaths = (
			);
			inputPaths = (
				"${PODS_PODFILE_DIR_PATH}/Podfile.lock",
				"${PODS_ROOT}/Manifest.lock",
			);
			name = "[CP] Check Pods Manifest.lock";
			outputFileListPaths = (
			);
			outputPaths = (
				"$(DERIVED_FILE_DIR)/Pods-GithubSearcher-checkManifestLockResult.txt",
			);
			runOnlyForDeploymentPostprocessing = 0;
			shellPath = /bin/sh;
			shellScript = "diff \"${PODS_PODFILE_DIR_PATH}/Podfile.lock\" \"${PODS_ROOT}/Manifest.lock\" > /dev/null\nif [ $? != 0 ] ; then\n    # print error to STDERR\n    echo \"error: The sandbox is not in sync with the Podfile.lock. Run 'pod install' or update your CocoaPods installation.\" >&2\n    exit 1\nfi\n# This output is used by Xcode 'outputs' to avoid re-running this script phase.\necho \"SUCCESS\" > \"${SCRIPT_OUTPUT_FILE_0}\"\n";
			showEnvVarsInLog = 0;
		};
		47E526C56F9C69C2EC7971A3 /* [CP] Embed Pods Frameworks */ = {
			isa = PBXShellScriptBuildPhase;
			buildActionMask = 2147483647;
			files = (
			);
			inputFileListPaths = (
				"${PODS_ROOT}/Target Support Files/Pods-GithubSearcher/Pods-GithubSearcher-frameworks-${CONFIGURATION}-input-files.xcfilelist",
			);
			name = "[CP] Embed Pods Frameworks";
			outputFileListPaths = (
				"${PODS_ROOT}/Target Support Files/Pods-GithubSearcher/Pods-GithubSearcher-frameworks-${CONFIGURATION}-output-files.xcfilelist",
			);
			runOnlyForDeploymentPostprocessing = 0;
			shellPath = /bin/sh;
			shellScript = "\"${PODS_ROOT}/Target Support Files/Pods-GithubSearcher/Pods-GithubSearcher-frameworks.sh\"\n";
			showEnvVarsInLog = 0;
		};
/* End PBXShellScriptBuildPhase section */

/* Begin PBXSourcesBuildPhase section */
		A3445DF726C8E7F600D55B6B /* Sources */ = {
			isa = PBXSourcesBuildPhase;
			buildActionMask = 2147483647;
			files = (
				A3445DFF26C8E7F600D55B6B /* AppDelegate.swift in Sources */,
				AC898FF38D5186B28177544C /* ApiRoutes.swift in Sources */,
				AC8989F7732322CD8367F759 /* ApiPathConforming.swift in Sources */,
				AC898BDE45F9899C35315531 /* BaseRequestProtocol.swift in Sources */,
				AC898948FFA89DA815435CC9 /* GetRequest.swift in Sources */,
				AC8987D27F5BDCDEBA502B44 /* NetworkService.swift in Sources */,
				AC898EFCB47959AE200E0860 /* NetworkSettings.swift in Sources */,
				AC8985FB87F0CA5A16D46C3A /* RequestBuilder.swift in Sources */,
				AC898374870C2E4800D96F76 /* RequestBuilderProtocol.swift in Sources */,
				AC898D185C3AA5126CDF5FA5 /* NetworkError.swift in Sources */,
				AC898A2412CA571183E5E09B /* GithubSearching.swift in Sources */,
				AC8983322291F8961BAF6C67 /* GithubSearchService.swift in Sources */,
			);
			runOnlyForDeploymentPostprocessing = 0;
		};
/* End PBXSourcesBuildPhase section */

/* Begin PBXVariantGroup section */
		A3445E0926C8E7F900D55B6B /* LaunchScreen.storyboard */ = {
			isa = PBXVariantGroup;
			children = (
				A3445E0A26C8E7F900D55B6B /* Base */,
			);
			name = LaunchScreen.storyboard;
			sourceTree = "<group>";
		};
/* End PBXVariantGroup section */

/* Begin XCBuildConfiguration section */
		A3445E0D26C8E7F900D55B6B /* Debug */ = {
			isa = XCBuildConfiguration;
			buildSettings = {
				ALWAYS_SEARCH_USER_PATHS = NO;
				CLANG_ANALYZER_NONNULL = YES;
				CLANG_ANALYZER_NUMBER_OBJECT_CONVERSION = YES_AGGRESSIVE;
				CLANG_CXX_LANGUAGE_STANDARD = "gnu++14";
				CLANG_CXX_LIBRARY = "libc++";
				CLANG_ENABLE_MODULES = YES;
				CLANG_ENABLE_OBJC_ARC = YES;
				CLANG_ENABLE_OBJC_WEAK = YES;
				CLANG_WARN_BLOCK_CAPTURE_AUTORELEASING = YES;
				CLANG_WARN_BOOL_CONVERSION = YES;
				CLANG_WARN_COMMA = YES;
				CLANG_WARN_CONSTANT_CONVERSION = YES;
				CLANG_WARN_DEPRECATED_OBJC_IMPLEMENTATIONS = YES;
				CLANG_WARN_DIRECT_OBJC_ISA_USAGE = YES_ERROR;
				CLANG_WARN_DOCUMENTATION_COMMENTS = YES;
				CLANG_WARN_EMPTY_BODY = YES;
				CLANG_WARN_ENUM_CONVERSION = YES;
				CLANG_WARN_INFINITE_RECURSION = YES;
				CLANG_WARN_INT_CONVERSION = YES;
				CLANG_WARN_NON_LITERAL_NULL_CONVERSION = YES;
				CLANG_WARN_OBJC_IMPLICIT_RETAIN_SELF = YES;
				CLANG_WARN_OBJC_LITERAL_CONVERSION = YES;
				CLANG_WARN_OBJC_ROOT_CLASS = YES_ERROR;
				CLANG_WARN_QUOTED_INCLUDE_IN_FRAMEWORK_HEADER = YES;
				CLANG_WARN_RANGE_LOOP_ANALYSIS = YES;
				CLANG_WARN_STRICT_PROTOTYPES = YES;
				CLANG_WARN_SUSPICIOUS_MOVE = YES;
				CLANG_WARN_UNGUARDED_AVAILABILITY = YES_AGGRESSIVE;
				CLANG_WARN_UNREACHABLE_CODE = YES;
				CLANG_WARN__DUPLICATE_METHOD_MATCH = YES;
				COPY_PHASE_STRIP = NO;
				DEBUG_INFORMATION_FORMAT = dwarf;
				ENABLE_STRICT_OBJC_MSGSEND = YES;
				ENABLE_TESTABILITY = YES;
				GCC_C_LANGUAGE_STANDARD = gnu11;
				GCC_DYNAMIC_NO_PIC = NO;
				GCC_NO_COMMON_BLOCKS = YES;
				GCC_OPTIMIZATION_LEVEL = 0;
				GCC_PREPROCESSOR_DEFINITIONS = (
					"DEBUG=1",
					"$(inherited)",
				);
				GCC_WARN_64_TO_32_BIT_CONVERSION = YES;
				GCC_WARN_ABOUT_RETURN_TYPE = YES_ERROR;
				GCC_WARN_UNDECLARED_SELECTOR = YES;
				GCC_WARN_UNINITIALIZED_AUTOS = YES_AGGRESSIVE;
				GCC_WARN_UNUSED_FUNCTION = YES;
				GCC_WARN_UNUSED_VARIABLE = YES;
				IPHONEOS_DEPLOYMENT_TARGET = 14.5;
				MTL_ENABLE_DEBUG_INFO = INCLUDE_SOURCE;
				MTL_FAST_MATH = YES;
				ONLY_ACTIVE_ARCH = YES;
				SDKROOT = iphoneos;
				SWIFT_ACTIVE_COMPILATION_CONDITIONS = DEBUG;
				SWIFT_OPTIMIZATION_LEVEL = "-Onone";
			};
			name = Debug;
		};
		A3445E0E26C8E7F900D55B6B /* Release */ = {
			isa = XCBuildConfiguration;
			buildSettings = {
				ALWAYS_SEARCH_USER_PATHS = NO;
				CLANG_ANALYZER_NONNULL = YES;
				CLANG_ANALYZER_NUMBER_OBJECT_CONVERSION = YES_AGGRESSIVE;
				CLANG_CXX_LANGUAGE_STANDARD = "gnu++14";
				CLANG_CXX_LIBRARY = "libc++";
				CLANG_ENABLE_MODULES = YES;
				CLANG_ENABLE_OBJC_ARC = YES;
				CLANG_ENABLE_OBJC_WEAK = YES;
				CLANG_WARN_BLOCK_CAPTURE_AUTORELEASING = YES;
				CLANG_WARN_BOOL_CONVERSION = YES;
				CLANG_WARN_COMMA = YES;
				CLANG_WARN_CONSTANT_CONVERSION = YES;
				CLANG_WARN_DEPRECATED_OBJC_IMPLEMENTATIONS = YES;
				CLANG_WARN_DIRECT_OBJC_ISA_USAGE = YES_ERROR;
				CLANG_WARN_DOCUMENTATION_COMMENTS = YES;
				CLANG_WARN_EMPTY_BODY = YES;
				CLANG_WARN_ENUM_CONVERSION = YES;
				CLANG_WARN_INFINITE_RECURSION = YES;
				CLANG_WARN_INT_CONVERSION = YES;
				CLANG_WARN_NON_LITERAL_NULL_CONVERSION = YES;
				CLANG_WARN_OBJC_IMPLICIT_RETAIN_SELF = YES;
				CLANG_WARN_OBJC_LITERAL_CONVERSION = YES;
				CLANG_WARN_OBJC_ROOT_CLASS = YES_ERROR;
				CLANG_WARN_QUOTED_INCLUDE_IN_FRAMEWORK_HEADER = YES;
				CLANG_WARN_RANGE_LOOP_ANALYSIS = YES;
				CLANG_WARN_STRICT_PROTOTYPES = YES;
				CLANG_WARN_SUSPICIOUS_MOVE = YES;
				CLANG_WARN_UNGUARDED_AVAILABILITY = YES_AGGRESSIVE;
				CLANG_WARN_UNREACHABLE_CODE = YES;
				CLANG_WARN__DUPLICATE_METHOD_MATCH = YES;
				COPY_PHASE_STRIP = NO;
				DEBUG_INFORMATION_FORMAT = "dwarf-with-dsym";
				ENABLE_NS_ASSERTIONS = NO;
				ENABLE_STRICT_OBJC_MSGSEND = YES;
				GCC_C_LANGUAGE_STANDARD = gnu11;
				GCC_NO_COMMON_BLOCKS = YES;
				GCC_WARN_64_TO_32_BIT_CONVERSION = YES;
				GCC_WARN_ABOUT_RETURN_TYPE = YES_ERROR;
				GCC_WARN_UNDECLARED_SELECTOR = YES;
				GCC_WARN_UNINITIALIZED_AUTOS = YES_AGGRESSIVE;
				GCC_WARN_UNUSED_FUNCTION = YES;
				GCC_WARN_UNUSED_VARIABLE = YES;
				IPHONEOS_DEPLOYMENT_TARGET = 14.5;
				MTL_ENABLE_DEBUG_INFO = NO;
				MTL_FAST_MATH = YES;
				SDKROOT = iphoneos;
				SWIFT_COMPILATION_MODE = wholemodule;
				SWIFT_OPTIMIZATION_LEVEL = "-O";
				VALIDATE_PRODUCT = YES;
			};
			name = Release;
		};
		A3445E1026C8E7F900D55B6B /* Debug */ = {
			isa = XCBuildConfiguration;
			baseConfigurationReference = FF3FE4A9130617246AE8B556 /* Pods-GithubSearcher.debug.xcconfig */;
			buildSettings = {
				ASSETCATALOG_COMPILER_APPICON_NAME = AppIcon;
				ASSETCATALOG_COMPILER_GLOBAL_ACCENT_COLOR_NAME = AccentColor;
				CODE_SIGN_STYLE = Automatic;
				INFOPLIST_FILE = GithubSearcher/Info.plist;
				IPHONEOS_DEPLOYMENT_TARGET = 11.0;
				LD_RUNPATH_SEARCH_PATHS = (
					"$(inherited)",
					"@executable_path/Frameworks",
				);
				PRODUCT_BUNDLE_IDENTIFIER = com.yamirok.GithubSearcher;
				PRODUCT_NAME = "$(TARGET_NAME)";
				SWIFT_VERSION = 5.0;
				TARGETED_DEVICE_FAMILY = 1;
			};
			name = Debug;
		};
		A3445E1126C8E7F900D55B6B /* Release */ = {
			isa = XCBuildConfiguration;
			baseConfigurationReference = 261ADBB6005A8DD78DEBE498 /* Pods-GithubSearcher.release.xcconfig */;
			buildSettings = {
				ASSETCATALOG_COMPILER_APPICON_NAME = AppIcon;
				ASSETCATALOG_COMPILER_GLOBAL_ACCENT_COLOR_NAME = AccentColor;
				CODE_SIGN_STYLE = Automatic;
				INFOPLIST_FILE = GithubSearcher/Info.plist;
				IPHONEOS_DEPLOYMENT_TARGET = 11.0;
				LD_RUNPATH_SEARCH_PATHS = (
					"$(inherited)",
					"@executable_path/Frameworks",
				);
				PRODUCT_BUNDLE_IDENTIFIER = com.yamirok.GithubSearcher;
				PRODUCT_NAME = "$(TARGET_NAME)";
				SWIFT_VERSION = 5.0;
				TARGETED_DEVICE_FAMILY = 1;
			};
			name = Release;
		};
/* End XCBuildConfiguration section */

/* Begin XCConfigurationList section */
		A3445DF626C8E7F600D55B6B /* Build configuration list for PBXProject "GithubSearcher" */ = {
			isa = XCConfigurationList;
			buildConfigurations = (
				A3445E0D26C8E7F900D55B6B /* Debug */,
				A3445E0E26C8E7F900D55B6B /* Release */,
			);
			defaultConfigurationIsVisible = 0;
			defaultConfigurationName = Release;
		};
		A3445E0F26C8E7F900D55B6B /* Build configuration list for PBXNativeTarget "GithubSearcher" */ = {
			isa = XCConfigurationList;
			buildConfigurations = (
				A3445E1026C8E7F900D55B6B /* Debug */,
				A3445E1126C8E7F900D55B6B /* Release */,
			);
			defaultConfigurationIsVisible = 0;
			defaultConfigurationName = Release;
		};
/* End XCConfigurationList section */
	};
	rootObject = A3445DF326C8E7F600D55B6B /* Project object */;
}
